// !$*UTF8*$!
{
	archiveVersion = 1;
	classes = {
	};
	objectVersion = 77;
	objects = {

/* Begin PBXContainerItemProxy section */
		7E57F80B2D91806800522702 /* PBXContainerItemProxy */ = {
			isa = PBXContainerItemProxy;
			containerPortal = 7E57F7F22D91806700522702 /* Project object */;
			proxyType = 1;
			remoteGlobalIDString = 7E57F7F92D91806700522702;
			remoteInfo = Kineo;
		};
		7E57F8152D91806800522702 /* PBXContainerItemProxy */ = {
			isa = PBXContainerItemProxy;
			containerPortal = 7E57F7F22D91806700522702 /* Project object */;
			proxyType = 1;
			remoteGlobalIDString = 7E57F7F92D91806700522702;
			remoteInfo = Kineo;
		};
		7ECEEEC62DFDA414009EDDBB /* PBXContainerItemProxy */ = {
			isa = PBXContainerItemProxy;
			containerPortal = 7E57F7F22D91806700522702 /* Project object */;
			proxyType = 1;
			remoteGlobalIDString = 7ECEEEB82DFDA413009EDDBB;
			remoteInfo = "Kineo Watch App";
		};
		7ECEEED02DFDA414009EDDBB /* PBXContainerItemProxy */ = {
			isa = PBXContainerItemProxy;
			containerPortal = 7E57F7F22D91806700522702 /* Project object */;
			proxyType = 1;
			remoteGlobalIDString = 7ECEEEB82DFDA413009EDDBB;
			remoteInfo = "Kineo Watch App";
		};
/* End PBXContainerItemProxy section */

/* Begin PBXCopyFilesBuildPhase section */
		7ECEEE292DFDA2FF009EDDBB /* Embed Watch Content */ = {
			isa = PBXCopyFilesBuildPhase;
			buildActionMask = 2147483647;
			dstPath = "$(CONTENTS_FOLDER_PATH)/Watch";
			dstSubfolderSpec = 16;
			files = (
			);
			name = "Embed Watch Content";
			runOnlyForDeploymentPostprocessing = 0;
		};
/* End PBXCopyFilesBuildPhase section */

/* Begin PBXFileReference section */
		7E57F7FA2D91806700522702 /* Kineo.app */ = {isa = PBXFileReference; explicitFileType = wrapper.application; includeInIndex = 0; path = Kineo.app; sourceTree = BUILT_PRODUCTS_DIR; };
		7E57F80A2D91806800522702 /* KineoTests.xctest */ = {isa = PBXFileReference; explicitFileType = wrapper.cfbundle; includeInIndex = 0; path = KineoTests.xctest; sourceTree = BUILT_PRODUCTS_DIR; };
		7E57F8142D91806800522702 /* KineoUITests.xctest */ = {isa = PBXFileReference; explicitFileType = wrapper.cfbundle; includeInIndex = 0; path = KineoUITests.xctest; sourceTree = BUILT_PRODUCTS_DIR; };
		7ECEEEB92DFDA413009EDDBB /* Kineo Watch App.app */ = {isa = PBXFileReference; explicitFileType = wrapper.application; includeInIndex = 0; path = "Kineo Watch App.app"; sourceTree = BUILT_PRODUCTS_DIR; };
		7ECEEEC52DFDA414009EDDBB /* Kineo Watch AppTests.xctest */ = {isa = PBXFileReference; explicitFileType = wrapper.cfbundle; includeInIndex = 0; path = "Kineo Watch AppTests.xctest"; sourceTree = BUILT_PRODUCTS_DIR; };
		7ECEEECF2DFDA414009EDDBB /* Kineo Watch AppUITests.xctest */ = {isa = PBXFileReference; explicitFileType = wrapper.cfbundle; includeInIndex = 0; path = "Kineo Watch AppUITests.xctest"; sourceTree = BUILT_PRODUCTS_DIR; };
/* End PBXFileReference section */

/* Begin PBXFileSystemSynchronizedBuildFileExceptionSet section */
		7ECEEEF12DFDAAEC009EDDBB /* Exceptions for "Kineo" folder in "Kineo Watch App" target */ = {
			isa = PBXFileSystemSynchronizedBuildFileExceptionSet;
			membershipExceptions = (
				Shared/Models/MotionData.swift,
			);
			target = 7ECEEEB82DFDA413009EDDBB /* Kineo Watch App */;
		};
/* End PBXFileSystemSynchronizedBuildFileExceptionSet section */

/* Begin PBXFileSystemSynchronizedRootGroup section */
		7E57F7FC2D91806700522702 /* Kineo */ = {
			isa = PBXFileSystemSynchronizedRootGroup;
			exceptions = (
				7ECEEEF12DFDAAEC009EDDBB /* Exceptions for "Kineo" folder in "Kineo Watch App" target */,
			);
			path = Kineo;
			sourceTree = "<group>";
		};
		7E57F80D2D91806800522702 /* KineoTests */ = {
			isa = PBXFileSystemSynchronizedRootGroup;
			path = KineoTests;
			sourceTree = "<group>";
		};
		7E57F8172D91806800522702 /* KineoUITests */ = {
			isa = PBXFileSystemSynchronizedRootGroup;
			path = KineoUITests;
			sourceTree = "<group>";
		};
		7ECEEEBA2DFDA413009EDDBB /* Kineo Watch App */ = {
			isa = PBXFileSystemSynchronizedRootGroup;
			path = "Kineo Watch App";
			sourceTree = "<group>";
		};
		7ECEEEC82DFDA414009EDDBB /* Kineo Watch AppTests */ = {
			isa = PBXFileSystemSynchronizedRootGroup;
			path = "Kineo Watch AppTests";
			sourceTree = "<group>";
		};
		7ECEEED22DFDA414009EDDBB /* Kineo Watch AppUITests */ = {
			isa = PBXFileSystemSynchronizedRootGroup;
			path = "Kineo Watch AppUITests";
			sourceTree = "<group>";
		};
/* End PBXFileSystemSynchronizedRootGroup section */

/* Begin PBXFrameworksBuildPhase section */
		7E57F7F72D91806700522702 /* Frameworks */ = {
			isa = PBXFrameworksBuildPhase;
			buildActionMask = 2147483647;
			files = (
			);
			runOnlyForDeploymentPostprocessing = 0;
		};
		7E57F8072D91806800522702 /* Frameworks */ = {
			isa = PBXFrameworksBuildPhase;
			buildActionMask = 2147483647;
			files = (
			);
			runOnlyForDeploymentPostprocessing = 0;
		};
		7E57F8112D91806800522702 /* Frameworks */ = {
			isa = PBXFrameworksBuildPhase;
			buildActionMask = 2147483647;
			files = (
			);
			runOnlyForDeploymentPostprocessing = 0;
		};
		7ECEEEB62DFDA413009EDDBB /* Frameworks */ = {
			isa = PBXFrameworksBuildPhase;
			buildActionMask = 2147483647;
			files = (
			);
			runOnlyForDeploymentPostprocessing = 0;
		};
		7ECEEEC22DFDA414009EDDBB /* Frameworks */ = {
			isa = PBXFrameworksBuildPhase;
			buildActionMask = 2147483647;
			files = (
			);
			runOnlyForDeploymentPostprocessing = 0;
		};
		7ECEEECC2DFDA414009EDDBB /* Frameworks */ = {
			isa = PBXFrameworksBuildPhase;
			buildActionMask = 2147483647;
			files = (
			);
			runOnlyForDeploymentPostprocessing = 0;
		};
/* End PBXFrameworksBuildPhase section */

/* Begin PBXGroup section */
		7E57F7F12D91806700522702 = {
			isa = PBXGroup;
			children = (
				7E57F7FC2D91806700522702 /* Kineo */,
				7E57F80D2D91806800522702 /* KineoTests */,
				7E57F8172D91806800522702 /* KineoUITests */,
				7ECEEEBA2DFDA413009EDDBB /* Kineo Watch App */,
				7ECEEEC82DFDA414009EDDBB /* Kineo Watch AppTests */,
				7ECEEED22DFDA414009EDDBB /* Kineo Watch AppUITests */,
				7E57F7FB2D91806700522702 /* Products */,
			);
			sourceTree = "<group>";
		};
		7E57F7FB2D91806700522702 /* Products */ = {
			isa = PBXGroup;
			children = (
				7E57F7FA2D91806700522702 /* Kineo.app */,
				7E57F80A2D91806800522702 /* KineoTests.xctest */,
				7E57F8142D91806800522702 /* KineoUITests.xctest */,
				7ECEEEB92DFDA413009EDDBB /* Kineo Watch App.app */,
				7ECEEEC52DFDA414009EDDBB /* Kineo Watch AppTests.xctest */,
				7ECEEECF2DFDA414009EDDBB /* Kineo Watch AppUITests.xctest */,
			);
			name = Products;
			sourceTree = "<group>";
		};
/* End PBXGroup section */

/* Begin PBXNativeTarget section */
		7E57F7F92D91806700522702 /* Kineo */ = {
			isa = PBXNativeTarget;
			buildConfigurationList = 7E57F81E2D91806800522702 /* Build configuration list for PBXNativeTarget "Kineo" */;
			buildPhases = (
				7E57F7F62D91806700522702 /* Sources */,
				7E57F7F72D91806700522702 /* Frameworks */,
				7E57F7F82D91806700522702 /* Resources */,
				7ECEEE292DFDA2FF009EDDBB /* Embed Watch Content */,
			);
			buildRules = (
			);
			dependencies = (
			);
			fileSystemSynchronizedGroups = (
				7E57F7FC2D91806700522702 /* Kineo */,
			);
			name = Kineo;
			packageProductDependencies = (
			);
			productName = Kineo;
			productReference = 7E57F7FA2D91806700522702 /* Kineo.app */;
			productType = "com.apple.product-type.application";
		};
		7E57F8092D91806800522702 /* KineoTests */ = {
			isa = PBXNativeTarget;
			buildConfigurationList = 7E57F8212D91806800522702 /* Build configuration list for PBXNativeTarget "KineoTests" */;
			buildPhases = (
				7E57F8062D91806800522702 /* Sources */,
				7E57F8072D91806800522702 /* Frameworks */,
				7E57F8082D91806800522702 /* Resources */,
			);
			buildRules = (
			);
			dependencies = (
				7E57F80C2D91806800522702 /* PBXTargetDependency */,
			);
			fileSystemSynchronizedGroups = (
				7E57F80D2D91806800522702 /* KineoTests */,
			);
			name = KineoTests;
			packageProductDependencies = (
			);
			productName = KineoTests;
			productReference = 7E57F80A2D91806800522702 /* KineoTests.xctest */;
			productType = "com.apple.product-type.bundle.unit-test";
		};
		7E57F8132D91806800522702 /* KineoUITests */ = {
			isa = PBXNativeTarget;
			buildConfigurationList = 7E57F8242D91806800522702 /* Build configuration list for PBXNativeTarget "KineoUITests" */;
			buildPhases = (
				7E57F8102D91806800522702 /* Sources */,
				7E57F8112D91806800522702 /* Frameworks */,
				7E57F8122D91806800522702 /* Resources */,
			);
			buildRules = (
			);
			dependencies = (
				7E57F8162D91806800522702 /* PBXTargetDependency */,
			);
			fileSystemSynchronizedGroups = (
				7E57F8172D91806800522702 /* KineoUITests */,
			);
			name = KineoUITests;
			packageProductDependencies = (
			);
			productName = KineoUITests;
			productReference = 7E57F8142D91806800522702 /* KineoUITests.xctest */;
			productType = "com.apple.product-type.bundle.ui-testing";
		};
		7ECEEEB82DFDA413009EDDBB /* Kineo Watch App */ = {
			isa = PBXNativeTarget;
			buildConfigurationList = 7ECEEED72DFDA414009EDDBB /* Build configuration list for PBXNativeTarget "Kineo Watch App" */;
			buildPhases = (
				7ECEEEB52DFDA413009EDDBB /* Sources */,
				7ECEEEB62DFDA413009EDDBB /* Frameworks */,
				7ECEEEB72DFDA413009EDDBB /* Resources */,
			);
			buildRules = (
			);
			dependencies = (
			);
			fileSystemSynchronizedGroups = (
				7ECEEEBA2DFDA413009EDDBB /* Kineo Watch App */,
			);
			name = "Kineo Watch App";
			packageProductDependencies = (
			);
			productName = "Kineo Watch App";
			productReference = 7ECEEEB92DFDA413009EDDBB /* Kineo Watch App.app */;
			productType = "com.apple.product-type.application";
		};
		7ECEEEC42DFDA414009EDDBB /* Kineo Watch AppTests */ = {
			isa = PBXNativeTarget;
			buildConfigurationList = 7ECEEEDA2DFDA414009EDDBB /* Build configuration list for PBXNativeTarget "Kineo Watch AppTests" */;
			buildPhases = (
				7ECEEEC12DFDA414009EDDBB /* Sources */,
				7ECEEEC22DFDA414009EDDBB /* Frameworks */,
				7ECEEEC32DFDA414009EDDBB /* Resources */,
			);
			buildRules = (
			);
			dependencies = (
				7ECEEEC72DFDA414009EDDBB /* PBXTargetDependency */,
			);
			fileSystemSynchronizedGroups = (
				7ECEEEC82DFDA414009EDDBB /* Kineo Watch AppTests */,
			);
			name = "Kineo Watch AppTests";
			packageProductDependencies = (
			);
			productName = "Kineo Watch AppTests";
			productReference = 7ECEEEC52DFDA414009EDDBB /* Kineo Watch AppTests.xctest */;
			productType = "com.apple.product-type.bundle.unit-test";
		};
		7ECEEECE2DFDA414009EDDBB /* Kineo Watch AppUITests */ = {
			isa = PBXNativeTarget;
			buildConfigurationList = 7ECEEEDD2DFDA414009EDDBB /* Build configuration list for PBXNativeTarget "Kineo Watch AppUITests" */;
			buildPhases = (
				7ECEEECB2DFDA414009EDDBB /* Sources */,
				7ECEEECC2DFDA414009EDDBB /* Frameworks */,
				7ECEEECD2DFDA414009EDDBB /* Resources */,
			);
			buildRules = (
			);
			dependencies = (
				7ECEEED12DFDA414009EDDBB /* PBXTargetDependency */,
			);
			fileSystemSynchronizedGroups = (
				7ECEEED22DFDA414009EDDBB /* Kineo Watch AppUITests */,
			);
			name = "Kineo Watch AppUITests";
			packageProductDependencies = (
			);
			productName = "Kineo Watch AppUITests";
			productReference = 7ECEEECF2DFDA414009EDDBB /* Kineo Watch AppUITests.xctest */;
			productType = "com.apple.product-type.bundle.ui-testing";
		};
/* End PBXNativeTarget section */

/* Begin PBXProject section */
		7E57F7F22D91806700522702 /* Project object */ = {
			isa = PBXProject;
			attributes = {
				BuildIndependentTargetsInParallel = 1;
				LastSwiftUpdateCheck = 1640;
				LastUpgradeCheck = 1620;
				TargetAttributes = {
					7E57F7F92D91806700522702 = {
						CreatedOnToolsVersion = 16.2;
					};
					7E57F8092D91806800522702 = {
						CreatedOnToolsVersion = 16.2;
						TestTargetID = 7E57F7F92D91806700522702;
					};
					7E57F8132D91806800522702 = {
						CreatedOnToolsVersion = 16.2;
						TestTargetID = 7E57F7F92D91806700522702;
					};
					7ECEEEB82DFDA413009EDDBB = {
						CreatedOnToolsVersion = 16.4;
					};
					7ECEEEC42DFDA414009EDDBB = {
						CreatedOnToolsVersion = 16.4;
						TestTargetID = 7ECEEEB82DFDA413009EDDBB;
					};
					7ECEEECE2DFDA414009EDDBB = {
						CreatedOnToolsVersion = 16.4;
						TestTargetID = 7ECEEEB82DFDA413009EDDBB;
					};
				};
			};
			buildConfigurationList = 7E57F7F52D91806700522702 /* Build configuration list for PBXProject "Kineo" */;
			developmentRegion = en;
			hasScannedForEncodings = 0;
			knownRegions = (
				en,
				Base,
			);
			mainGroup = 7E57F7F12D91806700522702;
			minimizedProjectReferenceProxies = 1;
			preferredProjectObjectVersion = 77;
			productRefGroup = 7E57F7FB2D91806700522702 /* Products */;
			projectDirPath = "";
			projectRoot = "";
			targets = (
				7E57F7F92D91806700522702 /* Kineo */,
				7E57F8092D91806800522702 /* KineoTests */,
				7E57F8132D91806800522702 /* KineoUITests */,
				7ECEEEB82DFDA413009EDDBB /* Kineo Watch App */,
				7ECEEEC42DFDA414009EDDBB /* Kineo Watch AppTests */,
				7ECEEECE2DFDA414009EDDBB /* Kineo Watch AppUITests */,
			);
		};
/* End PBXProject section */

/* Begin PBXResourcesBuildPhase section */
		7E57F7F82D91806700522702 /* Resources */ = {
			isa = PBXResourcesBuildPhase;
			buildActionMask = 2147483647;
			files = (
			);
			runOnlyForDeploymentPostprocessing = 0;
		};
		7E57F8082D91806800522702 /* Resources */ = {
			isa = PBXResourcesBuildPhase;
			buildActionMask = 2147483647;
			files = (
			);
			runOnlyForDeploymentPostprocessing = 0;
		};
		7E57F8122D91806800522702 /* Resources */ = {
			isa = PBXResourcesBuildPhase;
			buildActionMask = 2147483647;
			files = (
			);
			runOnlyForDeploymentPostprocessing = 0;
		};
		7ECEEEB72DFDA413009EDDBB /* Resources */ = {
			isa = PBXResourcesBuildPhase;
			buildActionMask = 2147483647;
			files = (
			);
			runOnlyForDeploymentPostprocessing = 0;
		};
		7ECEEEC32DFDA414009EDDBB /* Resources */ = {
			isa = PBXResourcesBuildPhase;
			buildActionMask = 2147483647;
			files = (
			);
			runOnlyForDeploymentPostprocessing = 0;
		};
		7ECEEECD2DFDA414009EDDBB /* Resources */ = {
			isa = PBXResourcesBuildPhase;
			buildActionMask = 2147483647;
			files = (
			);
			runOnlyForDeploymentPostprocessing = 0;
		};
/* End PBXResourcesBuildPhase section */

/* Begin PBXSourcesBuildPhase section */
		7E57F7F62D91806700522702 /* Sources */ = {
			isa = PBXSourcesBuildPhase;
			buildActionMask = 2147483647;
			files = (
			);
			runOnlyForDeploymentPostprocessing = 0;
		};
		7E57F8062D91806800522702 /* Sources */ = {
			isa = PBXSourcesBuildPhase;
			buildActionMask = 2147483647;
			files = (
			);
			runOnlyForDeploymentPostprocessing = 0;
		};
		7E57F8102D91806800522702 /* Sources */ = {
			isa = PBXSourcesBuildPhase;
			buildActionMask = 2147483647;
			files = (
			);
			runOnlyForDeploymentPostprocessing = 0;
		};
		7ECEEEB52DFDA413009EDDBB /* Sources */ = {
			isa = PBXSourcesBuildPhase;
			buildActionMask = 2147483647;
			files = (
			);
			runOnlyForDeploymentPostprocessing = 0;
		};
		7ECEEEC12DFDA414009EDDBB /* Sources */ = {
			isa = PBXSourcesBuildPhase;
			buildActionMask = 2147483647;
			files = (
			);
			runOnlyForDeploymentPostprocessing = 0;
		};
		7ECEEECB2DFDA414009EDDBB /* Sources */ = {
			isa = PBXSourcesBuildPhase;
			buildActionMask = 2147483647;
			files = (
			);
			runOnlyForDeploymentPostprocessing = 0;
		};
/* End PBXSourcesBuildPhase section */

/* Begin PBXTargetDependency section */
		7E57F80C2D91806800522702 /* PBXTargetDependency */ = {
			isa = PBXTargetDependency;
			target = 7E57F7F92D91806700522702 /* Kineo */;
			targetProxy = 7E57F80B2D91806800522702 /* PBXContainerItemProxy */;
		};
		7E57F8162D91806800522702 /* PBXTargetDependency */ = {
			isa = PBXTargetDependency;
			target = 7E57F7F92D91806700522702 /* Kineo */;
			targetProxy = 7E57F8152D91806800522702 /* PBXContainerItemProxy */;
		};
		7ECEEEC72DFDA414009EDDBB /* PBXTargetDependency */ = {
			isa = PBXTargetDependency;
			target = 7ECEEEB82DFDA413009EDDBB /* Kineo Watch App */;
			targetProxy = 7ECEEEC62DFDA414009EDDBB /* PBXContainerItemProxy */;
		};
		7ECEEED12DFDA414009EDDBB /* PBXTargetDependency */ = {
			isa = PBXTargetDependency;
			target = 7ECEEEB82DFDA413009EDDBB /* Kineo Watch App */;
			targetProxy = 7ECEEED02DFDA414009EDDBB /* PBXContainerItemProxy */;
		};
/* End PBXTargetDependency section */

/* Begin XCBuildConfiguration section */
		7E57F81C2D91806800522702 /* Debug */ = {
			isa = XCBuildConfiguration;
			buildSettings = {
				ALWAYS_SEARCH_USER_PATHS = NO;
				ASSETCATALOG_COMPILER_GENERATE_SWIFT_ASSET_SYMBOL_EXTENSIONS = YES;
				CLANG_ANALYZER_NONNULL = YES;
				CLANG_ANALYZER_NUMBER_OBJECT_CONVERSION = YES_AGGRESSIVE;
				CLANG_CXX_LANGUAGE_STANDARD = "gnu++20";
				CLANG_ENABLE_MODULES = YES;
				CLANG_ENABLE_OBJC_ARC = YES;
				CLANG_ENABLE_OBJC_WEAK = YES;
				CLANG_WARN_BLOCK_CAPTURE_AUTORELEASING = YES;
				CLANG_WARN_BOOL_CONVERSION = YES;
				CLANG_WARN_COMMA = YES;
				CLANG_WARN_CONSTANT_CONVERSION = YES;
				CLANG_WARN_DEPRECATED_OBJC_IMPLEMENTATIONS = YES;
				CLANG_WARN_DIRECT_OBJC_ISA_USAGE = YES_ERROR;
				CLANG_WARN_DOCUMENTATION_COMMENTS = YES;
				CLANG_WARN_EMPTY_BODY = YES;
				CLANG_WARN_ENUM_CONVERSION = YES;
				CLANG_WARN_INFINITE_RECURSION = YES;
				CLANG_WARN_INT_CONVERSION = YES;
				CLANG_WARN_NON_LITERAL_NULL_CONVERSION = YES;
				CLANG_WARN_OBJC_IMPLICIT_RETAIN_SELF = YES;
				CLANG_WARN_OBJC_LITERAL_CONVERSION = YES;
				CLANG_WARN_OBJC_ROOT_CLASS = YES_ERROR;
				CLANG_WARN_QUOTED_INCLUDE_IN_FRAMEWORK_HEADER = YES;
				CLANG_WARN_RANGE_LOOP_ANALYSIS = YES;
				CLANG_WARN_STRICT_PROTOTYPES = YES;
				CLANG_WARN_SUSPICIOUS_MOVE = YES;
				CLANG_WARN_UNGUARDED_AVAILABILITY = YES_AGGRESSIVE;
				CLANG_WARN_UNREACHABLE_CODE = YES;
				CLANG_WARN__DUPLICATE_METHOD_MATCH = YES;
				COPY_PHASE_STRIP = NO;
				DEBUG_INFORMATION_FORMAT = dwarf;
				ENABLE_STRICT_OBJC_MSGSEND = YES;
				ENABLE_TESTABILITY = YES;
				ENABLE_USER_SCRIPT_SANDBOXING = YES;
				GCC_C_LANGUAGE_STANDARD = gnu17;
				GCC_DYNAMIC_NO_PIC = NO;
				GCC_NO_COMMON_BLOCKS = YES;
				GCC_OPTIMIZATION_LEVEL = 0;
				GCC_PREPROCESSOR_DEFINITIONS = (
					"DEBUG=1",
					"$(inherited)",
				);
				GCC_WARN_64_TO_32_BIT_CONVERSION = YES;
				GCC_WARN_ABOUT_RETURN_TYPE = YES_ERROR;
				GCC_WARN_UNDECLARED_SELECTOR = YES;
				GCC_WARN_UNINITIALIZED_AUTOS = YES_AGGRESSIVE;
				GCC_WARN_UNUSED_FUNCTION = YES;
				GCC_WARN_UNUSED_VARIABLE = YES;
				IPHONEOS_DEPLOYMENT_TARGET = 18.2;
				LOCALIZATION_PREFERS_STRING_CATALOGS = YES;
				MTL_ENABLE_DEBUG_INFO = INCLUDE_SOURCE;
				MTL_FAST_MATH = YES;
				ONLY_ACTIVE_ARCH = YES;
				SDKROOT = iphoneos;
				SWIFT_ACTIVE_COMPILATION_CONDITIONS = "DEBUG $(inherited)";
				SWIFT_OPTIMIZATION_LEVEL = "-Onone";
			};
			name = Debug;
		};
		7E57F81D2D91806800522702 /* Release */ = {
			isa = XCBuildConfiguration;
			buildSettings = {
				ALWAYS_SEARCH_USER_PATHS = NO;
				ASSETCATALOG_COMPILER_GENERATE_SWIFT_ASSET_SYMBOL_EXTENSIONS = YES;
				CLANG_ANALYZER_NONNULL = YES;
				CLANG_ANALYZER_NUMBER_OBJECT_CONVERSION = YES_AGGRESSIVE;
				CLANG_CXX_LANGUAGE_STANDARD = "gnu++20";
				CLANG_ENABLE_MODULES = YES;
				CLANG_ENABLE_OBJC_ARC = YES;
				CLANG_ENABLE_OBJC_WEAK = YES;
				CLANG_WARN_BLOCK_CAPTURE_AUTORELEASING = YES;
				CLANG_WARN_BOOL_CONVERSION = YES;
				CLANG_WARN_COMMA = YES;
				CLANG_WARN_CONSTANT_CONVERSION = YES;
				CLANG_WARN_DEPRECATED_OBJC_IMPLEMENTATIONS = YES;
				CLANG_WARN_DIRECT_OBJC_ISA_USAGE = YES_ERROR;
				CLANG_WARN_DOCUMENTATION_COMMENTS = YES;
				CLANG_WARN_EMPTY_BODY = YES;
				CLANG_WARN_ENUM_CONVERSION = YES;
				CLANG_WARN_INFINITE_RECURSION = YES;
				CLANG_WARN_INT_CONVERSION = YES;
				CLANG_WARN_NON_LITERAL_NULL_CONVERSION = YES;
				CLANG_WARN_OBJC_IMPLICIT_RETAIN_SELF = YES;
				CLANG_WARN_OBJC_LITERAL_CONVERSION = YES;
				CLANG_WARN_OBJC_ROOT_CLASS = YES_ERROR;
				CLANG_WARN_QUOTED_INCLUDE_IN_FRAMEWORK_HEADER = YES;
				CLANG_WARN_RANGE_LOOP_ANALYSIS = YES;
				CLANG_WARN_STRICT_PROTOTYPES = YES;
				CLANG_WARN_SUSPICIOUS_MOVE = YES;
				CLANG_WARN_UNGUARDED_AVAILABILITY = YES_AGGRESSIVE;
				CLANG_WARN_UNREACHABLE_CODE = YES;
				CLANG_WARN__DUPLICATE_METHOD_MATCH = YES;
				COPY_PHASE_STRIP = NO;
				DEBUG_INFORMATION_FORMAT = "dwarf-with-dsym";
				ENABLE_NS_ASSERTIONS = NO;
				ENABLE_STRICT_OBJC_MSGSEND = YES;
				ENABLE_USER_SCRIPT_SANDBOXING = YES;
				GCC_C_LANGUAGE_STANDARD = gnu17;
				GCC_NO_COMMON_BLOCKS = YES;
				GCC_WARN_64_TO_32_BIT_CONVERSION = YES;
				GCC_WARN_ABOUT_RETURN_TYPE = YES_ERROR;
				GCC_WARN_UNDECLARED_SELECTOR = YES;
				GCC_WARN_UNINITIALIZED_AUTOS = YES_AGGRESSIVE;
				GCC_WARN_UNUSED_FUNCTION = YES;
				GCC_WARN_UNUSED_VARIABLE = YES;
				IPHONEOS_DEPLOYMENT_TARGET = 18.2;
				LOCALIZATION_PREFERS_STRING_CATALOGS = YES;
				MTL_ENABLE_DEBUG_INFO = NO;
				MTL_FAST_MATH = YES;
				SDKROOT = iphoneos;
				SWIFT_COMPILATION_MODE = wholemodule;
				VALIDATE_PRODUCT = YES;
			};
			name = Release;
		};
		7E57F81F2D91806800522702 /* Debug */ = {
			isa = XCBuildConfiguration;
			buildSettings = {
				ASSETCATALOG_COMPILER_APPICON_NAME = AppIcon;
				ASSETCATALOG_COMPILER_GLOBAL_ACCENT_COLOR_NAME = AccentColor;
				CODE_SIGN_IDENTITY = "Apple Development";
				CODE_SIGN_STYLE = Automatic;
				CURRENT_PROJECT_VERSION = 1;
				DEVELOPMENT_ASSET_PATHS = "\"Kineo/Preview Content\"";
				DEVELOPMENT_TEAM = BWFZ2LZ5ZN;
				ENABLE_PREVIEWS = YES;
				GENERATE_INFOPLIST_FILE = YES;
				INFOPLIST_KEY_UIApplicationSceneManifest_Generation = YES;
				INFOPLIST_KEY_UIApplicationSupportsIndirectInputEvents = YES;
				INFOPLIST_KEY_UILaunchScreen_Generation = YES;
				INFOPLIST_KEY_UISupportedInterfaceOrientations_iPad = "UIInterfaceOrientationPortrait UIInterfaceOrientationPortraitUpsideDown UIInterfaceOrientationLandscapeLeft UIInterfaceOrientationLandscapeRight";
				INFOPLIST_KEY_UISupportedInterfaceOrientations_iPhone = "UIInterfaceOrientationPortrait UIInterfaceOrientationLandscapeLeft UIInterfaceOrientationLandscapeRight";
				LD_RUNPATH_SEARCH_PATHS = (
					"$(inherited)",
					"@executable_path/Frameworks",
				);
				MARKETING_VERSION = 1.0;
				PRODUCT_BUNDLE_IDENTIFIER = Kineo;
				PRODUCT_NAME = "$(TARGET_NAME)";
				PROVISIONING_PROFILE_SPECIFIER = "";
				SWIFT_EMIT_LOC_STRINGS = YES;
				SWIFT_VERSION = 5.0;
				TARGETED_DEVICE_FAMILY = "1,2";
			};
			name = Debug;
		};
		7E57F8202D91806800522702 /* Release */ = {
			isa = XCBuildConfiguration;
			buildSettings = {
				ASSETCATALOG_COMPILER_APPICON_NAME = AppIcon;
				ASSETCATALOG_COMPILER_GLOBAL_ACCENT_COLOR_NAME = AccentColor;
				CODE_SIGN_IDENTITY = "Apple Development";
				CODE_SIGN_STYLE = Automatic;
				CURRENT_PROJECT_VERSION = 1;
				DEVELOPMENT_ASSET_PATHS = "\"Kineo/Preview Content\"";
				DEVELOPMENT_TEAM = BWFZ2LZ5ZN;
				ENABLE_PREVIEWS = YES;
				GENERATE_INFOPLIST_FILE = YES;
				INFOPLIST_KEY_UIApplicationSceneManifest_Generation = YES;
				INFOPLIST_KEY_UIApplicationSupportsIndirectInputEvents = YES;
				INFOPLIST_KEY_UILaunchScreen_Generation = YES;
				INFOPLIST_KEY_UISupportedInterfaceOrientations_iPad = "UIInterfaceOrientationPortrait UIInterfaceOrientationPortraitUpsideDown UIInterfaceOrientationLandscapeLeft UIInterfaceOrientationLandscapeRight";
				INFOPLIST_KEY_UISupportedInterfaceOrientations_iPhone = "UIInterfaceOrientationPortrait UIInterfaceOrientationLandscapeLeft UIInterfaceOrientationLandscapeRight";
				LD_RUNPATH_SEARCH_PATHS = (
					"$(inherited)",
					"@executable_path/Frameworks",
				);
				MARKETING_VERSION = 1.0;
				PRODUCT_BUNDLE_IDENTIFIER = Kineo;
				PRODUCT_NAME = "$(TARGET_NAME)";
				PROVISIONING_PROFILE_SPECIFIER = "";
				SWIFT_EMIT_LOC_STRINGS = YES;
				SWIFT_VERSION = 5.0;
				TARGETED_DEVICE_FAMILY = "1,2";
			};
			name = Release;
		};
		7E57F8222D91806800522702 /* Debug */ = {
			isa = XCBuildConfiguration;
			buildSettings = {
				BUNDLE_LOADER = "$(TEST_HOST)";
				CODE_SIGN_STYLE = Automatic;
				CURRENT_PROJECT_VERSION = 1;
				GENERATE_INFOPLIST_FILE = YES;
				IPHONEOS_DEPLOYMENT_TARGET = 18.2;
				MARKETING_VERSION = 1.0;
				PRODUCT_BUNDLE_IDENTIFIER = "huitang.fcn-yahoo.com.KineoTests";
				PRODUCT_NAME = "$(TARGET_NAME)";
				SWIFT_EMIT_LOC_STRINGS = NO;
				SWIFT_VERSION = 5.0;
				TARGETED_DEVICE_FAMILY = "1,2";
				TEST_HOST = "$(BUILT_PRODUCTS_DIR)/Kineo.app/$(BUNDLE_EXECUTABLE_FOLDER_PATH)/Kineo";
			};
			name = Debug;
		};
		7E57F8232D91806800522702 /* Release */ = {
			isa = XCBuildConfiguration;
			buildSettings = {
				BUNDLE_LOADER = "$(TEST_HOST)";
				CODE_SIGN_STYLE = Automatic;
				CURRENT_PROJECT_VERSION = 1;
				GENERATE_INFOPLIST_FILE = YES;
				IPHONEOS_DEPLOYMENT_TARGET = 18.2;
				MARKETING_VERSION = 1.0;
				PRODUCT_BUNDLE_IDENTIFIER = "huitang.fcn-yahoo.com.KineoTests";
				PRODUCT_NAME = "$(TARGET_NAME)";
				SWIFT_EMIT_LOC_STRINGS = NO;
				SWIFT_VERSION = 5.0;
				TARGETED_DEVICE_FAMILY = "1,2";
				TEST_HOST = "$(BUILT_PRODUCTS_DIR)/Kineo.app/$(BUNDLE_EXECUTABLE_FOLDER_PATH)/Kineo";
			};
			name = Release;
		};
		7E57F8252D91806800522702 /* Debug */ = {
			isa = XCBuildConfiguration;
			buildSettings = {
				CODE_SIGN_STYLE = Automatic;
				CURRENT_PROJECT_VERSION = 1;
				GENERATE_INFOPLIST_FILE = YES;
				MARKETING_VERSION = 1.0;
				PRODUCT_BUNDLE_IDENTIFIER = "huitang.fcn-yahoo.com.KineoUITests";
				PRODUCT_NAME = "$(TARGET_NAME)";
				SWIFT_EMIT_LOC_STRINGS = NO;
				SWIFT_VERSION = 5.0;
				TARGETED_DEVICE_FAMILY = "1,2";
				TEST_TARGET_NAME = Kineo;
			};
			name = Debug;
		};
		7E57F8262D91806800522702 /* Release */ = {
			isa = XCBuildConfiguration;
			buildSettings = {
				CODE_SIGN_STYLE = Automatic;
				CURRENT_PROJECT_VERSION = 1;
				GENERATE_INFOPLIST_FILE = YES;
				MARKETING_VERSION = 1.0;
				PRODUCT_BUNDLE_IDENTIFIER = "huitang.fcn-yahoo.com.KineoUITests";
				PRODUCT_NAME = "$(TARGET_NAME)";
				SWIFT_EMIT_LOC_STRINGS = NO;
				SWIFT_VERSION = 5.0;
				TARGETED_DEVICE_FAMILY = "1,2";
				TEST_TARGET_NAME = Kineo;
			};
			name = Release;
		};
		7ECEEED82DFDA414009EDDBB /* Debug */ = {
			isa = XCBuildConfiguration;
			buildSettings = {
				ASSETCATALOG_COMPILER_APPICON_NAME = AppIcon;
				ASSETCATALOG_COMPILER_GLOBAL_ACCENT_COLOR_NAME = AccentColor;
				CODE_SIGN_IDENTITY = "Apple Development";
				CODE_SIGN_STYLE = Automatic;
				CURRENT_PROJECT_VERSION = 1;
				DEVELOPMENT_TEAM = BWFZ2LZ5ZN;
				ENABLE_PREVIEWS = YES;
				GENERATE_INFOPLIST_FILE = YES;
				INFOPLIST_KEY_CFBundleDisplayName = Kineo;
				INFOPLIST_KEY_UISupportedInterfaceOrientations = "UIInterfaceOrientationPortrait UIInterfaceOrientationPortraitUpsideDown";
				INFOPLIST_KEY_WKCompanionAppBundleIdentifier = Kineo;
				LD_RUNPATH_SEARCH_PATHS = (
					"$(inherited)",
					"@executable_path/Frameworks",
				);
				MARKETING_VERSION = 1.0;
				PRODUCT_BUNDLE_IDENTIFIER = Kineo.watchkitapp;
				PRODUCT_NAME = "$(TARGET_NAME)";
				PROVISIONING_PROFILE_SPECIFIER = "";
				SDKROOT = watchos;
				SKIP_INSTALL = YES;
				SWIFT_EMIT_LOC_STRINGS = YES;
				SWIFT_VERSION = 5.0;
				TARGETED_DEVICE_FAMILY = 4;
				WATCHOS_DEPLOYMENT_TARGET = 11.5;
			};
			name = Debug;
		};
		7ECEEED92DFDA414009EDDBB /* Release */ = {
			isa = XCBuildConfiguration;
			buildSettings = {
				ASSETCATALOG_COMPILER_APPICON_NAME = AppIcon;
				ASSETCATALOG_COMPILER_GLOBAL_ACCENT_COLOR_NAME = AccentColor;
				CODE_SIGN_IDENTITY = "Apple Development";
				CODE_SIGN_STYLE = Automatic;
				CURRENT_PROJECT_VERSION = 1;
				DEVELOPMENT_TEAM = BWFZ2LZ5ZN;
				ENABLE_PREVIEWS = YES;
				GENERATE_INFOPLIST_FILE = YES;
				INFOPLIST_KEY_CFBundleDisplayName = Kineo;
				INFOPLIST_KEY_UISupportedInterfaceOrientations = "UIInterfaceOrientationPortrait UIInterfaceOrientationPortraitUpsideDown";
				INFOPLIST_KEY_WKCompanionAppBundleIdentifier = Kineo;
				LD_RUNPATH_SEARCH_PATHS = (
					"$(inherited)",
					"@executable_path/Frameworks",
				);
				MARKETING_VERSION = 1.0;
				PRODUCT_BUNDLE_IDENTIFIER = Kineo.watchkitapp;
				PRODUCT_NAME = "$(TARGET_NAME)";
				PROVISIONING_PROFILE_SPECIFIER = "";
				SDKROOT = watchos;
				SKIP_INSTALL = YES;
				SWIFT_EMIT_LOC_STRINGS = YES;
				SWIFT_VERSION = 5.0;
				TARGETED_DEVICE_FAMILY = 4;
				WATCHOS_DEPLOYMENT_TARGET = 11.5;
			};
			name = Release;
		};
		7ECEEEDB2DFDA414009EDDBB /* Debug */ = {
			isa = XCBuildConfiguration;
			buildSettings = {
				BUNDLE_LOADER = "$(TEST_HOST)";
				CODE_SIGN_STYLE = Automatic;
				CURRENT_PROJECT_VERSION = 1;
				GENERATE_INFOPLIST_FILE = YES;
				MARKETING_VERSION = 1.0;
				PRODUCT_BUNDLE_IDENTIFIER = "com.matsunomi.Kineo.Kineo-Watch-AppTests";
				PRODUCT_NAME = "$(TARGET_NAME)";
				SDKROOT = watchos;
				SWIFT_EMIT_LOC_STRINGS = NO;
				SWIFT_VERSION = 5.0;
				TARGETED_DEVICE_FAMILY = 4;
				TEST_HOST = "$(BUILT_PRODUCTS_DIR)/Kineo Watch App.app/$(BUNDLE_EXECUTABLE_FOLDER_PATH)/Kineo Watch App";
				WATCHOS_DEPLOYMENT_TARGET = 11.5;
			};
			name = Debug;
		};
		7ECEEEDC2DFDA414009EDDBB /* Release */ = {
			isa = XCBuildConfiguration;
			buildSettings = {
				BUNDLE_LOADER = "$(TEST_HOST)";
				CODE_SIGN_STYLE = Automatic;
				CURRENT_PROJECT_VERSION = 1;
				GENERATE_INFOPLIST_FILE = YES;
				MARKETING_VERSION = 1.0;
				PRODUCT_BUNDLE_IDENTIFIER = "com.matsunomi.Kineo.Kineo-Watch-AppTests";
				PRODUCT_NAME = "$(TARGET_NAME)";
				SDKROOT = watchos;
				SWIFT_EMIT_LOC_STRINGS = NO;
				SWIFT_VERSION = 5.0;
				TARGETED_DEVICE_FAMILY = 4;
				TEST_HOST = "$(BUILT_PRODUCTS_DIR)/Kineo Watch App.app/$(BUNDLE_EXECUTABLE_FOLDER_PATH)/Kineo Watch App";
				WATCHOS_DEPLOYMENT_TARGET = 11.5;
			};
			name = Release;
		};
		7ECEEEDE2DFDA414009EDDBB /* Debug */ = {
			isa = XCBuildConfiguration;
			buildSettings = {
				CODE_SIGN_STYLE = Automatic;
				CURRENT_PROJECT_VERSION = 1;
				GENERATE_INFOPLIST_FILE = YES;
				MARKETING_VERSION = 1.0;
				PRODUCT_BUNDLE_IDENTIFIER = "com.matsunomi.Kineo.Kineo-Watch-AppUITests";
				PRODUCT_NAME = "$(TARGET_NAME)";
				SDKROOT = watchos;
				SWIFT_EMIT_LOC_STRINGS = NO;
				SWIFT_VERSION = 5.0;
				TARGETED_DEVICE_FAMILY = 4;
				TEST_TARGET_NAME = "Kineo Watch App";
				WATCHOS_DEPLOYMENT_TARGET = 11.5;
			};
			name = Debug;
		};
		7ECEEEDF2DFDA414009EDDBB /* Release */ = {
			isa = XCBuildConfiguration;
			buildSettings = {
				CODE_SIGN_STYLE = Automatic;
				CURRENT_PROJECT_VERSION = 1;
				GENERATE_INFOPLIST_FILE = YES;
				MARKETING_VERSION = 1.0;
				PRODUCT_BUNDLE_IDENTIFIER = "com.matsunomi.Kineo.Kineo-Watch-AppUITests";
				PRODUCT_NAME = "$(TARGET_NAME)";
				SDKROOT = watchos;
				SWIFT_EMIT_LOC_STRINGS = NO;
				SWIFT_VERSION = 5.0;
				TARGETED_DEVICE_FAMILY = 4;
				TEST_TARGET_NAME = "Kineo Watch App";
				WATCHOS_DEPLOYMENT_TARGET = 11.5;
			};
			name = Release;
		};
/* End XCBuildConfiguration section */

/* Begin XCConfigurationList section */
		7E57F7F52D91806700522702 /* Build configuration list for PBXProject "Kineo" */ = {
			isa = XCConfigurationList;
			buildConfigurations = (
				7E57F81C2D91806800522702 /* Debug */,
				7E57F81D2D91806800522702 /* Release */,
			);
			defaultConfigurationIsVisible = 0;
			defaultConfigurationName = Release;
		};
		7E57F81E2D91806800522702 /* Build configuration list for PBXNativeTarget "Kineo" */ = {
			isa = XCConfigurationList;
			buildConfigurations = (
				7E57F81F2D91806800522702 /* Debug */,
				7E57F8202D91806800522702 /* Release */,
			);
			defaultConfigurationIsVisible = 0;
			defaultConfigurationName = Release;
		};
		7E57F8212D91806800522702 /* Build configuration list for PBXNativeTarget "KineoTests" */ = {
			isa = XCConfigurationList;
			buildConfigurations = (
				7E57F8222D91806800522702 /* Debug */,
				7E57F8232D91806800522702 /* Release */,
			);
			defaultConfigurationIsVisible = 0;
			defaultConfigurationName = Release;
		};
		7E57F8242D91806800522702 /* Build configuration list for PBXNativeTarget "KineoUITests" */ = {
			isa = XCConfigurationList;
			buildConfigurations = (
				7E57F8252D91806800522702 /* Debug */,
				7E57F8262D91806800522702 /* Release */,
			);
			defaultConfigurationIsVisible = 0;
			defaultConfigurationName = Release;
		};
		7ECEEED72DFDA414009EDDBB /* Build configuration list for PBXNativeTarget "Kineo Watch App" */ = {
			isa = XCConfigurationList;
			buildConfigurations = (
				7ECEEED82DFDA414009EDDBB /* Debug */,
				7ECEEED92DFDA414009EDDBB /* Release */,
			);
			defaultConfigurationIsVisible = 0;
			defaultConfigurationName = Release;
		};
		7ECEEEDA2DFDA414009EDDBB /* Build configuration list for PBXNativeTarget "Kineo Watch AppTests" */ = {
			isa = XCConfigurationList;
			buildConfigurations = (
				7ECEEEDB2DFDA414009EDDBB /* Debug */,
				7ECEEEDC2DFDA414009EDDBB /* Release */,
			);
			defaultConfigurationIsVisible = 0;
			defaultConfigurationName = Release;
		};
		7ECEEEDD2DFDA414009EDDBB /* Build configuration list for PBXNativeTarget "Kineo Watch AppUITests" */ = {
			isa = XCConfigurationList;
			buildConfigurations = (
				7ECEEEDE2DFDA414009EDDBB /* Debug */,
				7ECEEEDF2DFDA414009EDDBB /* Release */,
			);
			defaultConfigurationIsVisible = 0;
			defaultConfigurationName = Release;
		};
/* End XCConfigurationList section */
	};
	rootObject = 7E57F7F22D91806700522702 /* Project object */;
}
